
Microsoft Visual Studio Solution File, Format Version 12.00
# Visual Studio Version 17
VisualStudioVersion = 17.2.32630.192
MinimumVisualStudioVersion = 10.0.40219.1
Project("{FAE04EC0-301F-11D3-BF4B-00C04F79EFBC}") = "AgeCalculator", "AgeCalculator\AgeCalculator.csproj", "{26991870-B351-40C6-A82D-EC7434D4970A}"
EndProject
Global
	GlobalSection(SolutionConfigurationPlatforms) = preSolution
		Debug|Any CPU = Debug|Any CPU
		Release|Any CPU = Release|Any CPU
	EndGlobalSection
	GlobalSection(ProjectConfigurationPlatforms) = postSolution
		{26991870-B351-40C6-A82D-EC7434D4970A}.Debug|Any CPU.ActiveCfg = Debug|Any CPU
		{26991870-B351-40C6-A82D-EC7434D4970A}.Debug|Any CPU.Build.0 = Debug|Any CPU
		{26991870-B351-40C6-A82D-EC7434D4970A}.Release|Any CPU.ActiveCfg = Release|Any CPU
		{26991870-B351-40C6-A82D-EC7434D4970A}.Release|Any CPU.Build.0 = Release|Any CPU
	EndGlobalSection
	GlobalSection(SolutionProperties) = preSolution
		HideSolutionNode = FALSE
	EndGlobalSection
	GlobalSection(ExtensibilityGlobals) = postSolution
		SolutionGuid = {0F7D7122-F781-43FF-AA66-BF1FDA24E40F}
	EndGlobalSection
EndGlobal
